
Microsoft Visual Studio Solution File, Format Version 12.00
Project("{FAE04EC0-301F-11D3-BF4B-00C04F79EFBC}") = "GettingsStarted", "GettingsStarted\GettingsStarted.csproj", "{B75F04FE-019B-429C-926B-7CCB4A98DADC}"
EndProject
Global
	GlobalSection(SolutionConfigurationPlatforms) = preSolution
		Debug|Any CPU = Debug|Any CPU
		Release|Any CPU = Release|Any CPU
	EndGlobalSection
	GlobalSection(ProjectConfigurationPlatforms) = postSolution
		{B75F04FE-019B-429C-926B-7CCB4A98DADC}.Debug|Any CPU.ActiveCfg = Debug|Any CPU
		{B75F04FE-019B-429C-926B-7CCB4A98DADC}.Debug|Any CPU.Build.0 = Debug|Any CPU
		{B75F04FE-019B-429C-926B-7CCB4A98DADC}.Release|Any CPU.ActiveCfg = Release|Any CPU
		{B75F04FE-019B-429C-926B-7CCB4A98DADC}.Release|Any CPU.Build.0 = Release|Any CPU
	EndGlobalSection
EndGlobal
