
Microsoft Visual Studio Solution File, Format Version 12.00
# Visual Studio 15
VisualStudioVersion = 15.0.27703.2000
MinimumVisualStudioVersion = 10.0.40219.1
Project("{FAE04EC0-301F-11D3-BF4B-00C04F79EFBC}") = "Exercise.AutoMapper", "Exercise.AutoMapper\Exercise.AutoMapper.csproj", "{B6B49C2B-A4FC-4231-AA7F-0C2FBA7BD448}"
EndProject
Project("{FAE04EC0-301F-11D3-BF4B-00C04F79EFBC}") = "Exercise.AutoMapper.WithAutoFac", "Exercise.AutoMapper.WithAutoFac\Exercise.AutoMapper.WithAutoFac.csproj", "{34BC84DB-640B-4F76-992A-FFCFD1EF3DEE}"
EndProject
Project("{FAE04EC0-301F-11D3-BF4B-00C04F79EFBC}") = "Exercise.AutoMapper.Composite", "Exercise.AutoMapper.Composite\Exercise.AutoMapper.Composite.csproj", "{4074E557-94BF-4080-8C99-DF162DE57C0D}"
EndProject
Global
	GlobalSection(SolutionConfigurationPlatforms) = preSolution
		Debug|Any CPU = Debug|Any CPU
		Release|Any CPU = Release|Any CPU
	EndGlobalSection
	GlobalSection(ProjectConfigurationPlatforms) = postSolution
		{B6B49C2B-A4FC-4231-AA7F-0C2FBA7BD448}.Debug|Any CPU.ActiveCfg = Debug|Any CPU
		{B6B49C2B-A4FC-4231-AA7F-0C2FBA7BD448}.Debug|Any CPU.Build.0 = Debug|Any CPU
		{B6B49C2B-A4FC-4231-AA7F-0C2FBA7BD448}.Release|Any CPU.ActiveCfg = Release|Any CPU
		{B6B49C2B-A4FC-4231-AA7F-0C2FBA7BD448}.Release|Any CPU.Build.0 = Release|Any CPU
		{34BC84DB-640B-4F76-992A-FFCFD1EF3DEE}.Debug|Any CPU.ActiveCfg = Debug|Any CPU
		{34BC84DB-640B-4F76-992A-FFCFD1EF3DEE}.Debug|Any CPU.Build.0 = Debug|Any CPU
		{34BC84DB-640B-4F76-992A-FFCFD1EF3DEE}.Release|Any CPU.ActiveCfg = Release|Any CPU
		{34BC84DB-640B-4F76-992A-FFCFD1EF3DEE}.Release|Any CPU.Build.0 = Release|Any CPU
		{4074E557-94BF-4080-8C99-DF162DE57C0D}.Debug|Any CPU.ActiveCfg = Debug|Any CPU
		{4074E557-94BF-4080-8C99-DF162DE57C0D}.Debug|Any CPU.Build.0 = Debug|Any CPU
		{4074E557-94BF-4080-8C99-DF162DE57C0D}.Release|Any CPU.ActiveCfg = Release|Any CPU
		{4074E557-94BF-4080-8C99-DF162DE57C0D}.Release|Any CPU.Build.0 = Release|Any CPU
	EndGlobalSection
	GlobalSection(SolutionProperties) = preSolution
		HideSolutionNode = FALSE
	EndGlobalSection
	GlobalSection(ExtensibilityGlobals) = postSolution
		SolutionGuid = {6B0A51AB-EF36-4E14-A732-C1487B625081}
	EndGlobalSection
EndGlobal
