
Microsoft Visual Studio Solution File, Format Version 12.00
# Visual Studio Version 16
VisualStudioVersion = 16.0.31129.286
MinimumVisualStudioVersion = 10.0.40219.1
Project("{FAE04EC0-301F-11D3-BF4B-00C04F79EFBC}") = "Hallo.WSDL", "Hallo.WSDL\Hallo.WSDL.csproj", "{F9E6F801-A5A4-4CFE-99A1-2159FED370ED}"
EndProject
Global
	GlobalSection(SolutionConfigurationPlatforms) = preSolution
		Debug|Any CPU = Debug|Any CPU
		Release|Any CPU = Release|Any CPU
	EndGlobalSection
	GlobalSection(ProjectConfigurationPlatforms) = postSolution
		{F9E6F801-A5A4-4CFE-99A1-2159FED370ED}.Debug|Any CPU.ActiveCfg = Debug|Any CPU
		{F9E6F801-A5A4-4CFE-99A1-2159FED370ED}.Debug|Any CPU.Build.0 = Debug|Any CPU
		{F9E6F801-A5A4-4CFE-99A1-2159FED370ED}.Release|Any CPU.ActiveCfg = Release|Any CPU
		{F9E6F801-A5A4-4CFE-99A1-2159FED370ED}.Release|Any CPU.Build.0 = Release|Any CPU
	EndGlobalSection
	GlobalSection(SolutionProperties) = preSolution
		HideSolutionNode = FALSE
	EndGlobalSection
	GlobalSection(ExtensibilityGlobals) = postSolution
		SolutionGuid = {91591445-94CA-47AC-B079-31D16575971A}
	EndGlobalSection
EndGlobal
