
Microsoft Visual Studio Solution File, Format Version 12.00
# Visual Studio 15
VisualStudioVersion = 15.0.27703.2026
MinimumVisualStudioVersion = 10.0.40219.1
Project("{FAE04EC0-301F-11D3-BF4B-00C04F79EFBC}") = "Exercise.DynamicProxy", "Exercise.DynamicProxy\Exercise.DynamicProxy.csproj", "{8026D74C-9F93-4213-B9E8-F50F7F910E03}"
EndProject
Project("{FAE04EC0-301F-11D3-BF4B-00C04F79EFBC}") = "Exercise.DynamicProxy.Test", "Exercise.DynamicProxy.Test\Exercise.DynamicProxy.Test.csproj", "{6CD885EA-CD80-4349-80B1-11CE03CC7111}"
EndProject
Global
	GlobalSection(SolutionConfigurationPlatforms) = preSolution
		Debug|Any CPU = Debug|Any CPU
		Release|Any CPU = Release|Any CPU
	EndGlobalSection
	GlobalSection(ProjectConfigurationPlatforms) = postSolution
		{8026D74C-9F93-4213-B9E8-F50F7F910E03}.Debug|Any CPU.ActiveCfg = Debug|Any CPU
		{8026D74C-9F93-4213-B9E8-F50F7F910E03}.Debug|Any CPU.Build.0 = Debug|Any CPU
		{8026D74C-9F93-4213-B9E8-F50F7F910E03}.Release|Any CPU.ActiveCfg = Release|Any CPU
		{8026D74C-9F93-4213-B9E8-F50F7F910E03}.Release|Any CPU.Build.0 = Release|Any CPU
		{6CD885EA-CD80-4349-80B1-11CE03CC7111}.Debug|Any CPU.ActiveCfg = Debug|Any CPU
		{6CD885EA-CD80-4349-80B1-11CE03CC7111}.Debug|Any CPU.Build.0 = Debug|Any CPU
		{6CD885EA-CD80-4349-80B1-11CE03CC7111}.Release|Any CPU.ActiveCfg = Release|Any CPU
		{6CD885EA-CD80-4349-80B1-11CE03CC7111}.Release|Any CPU.Build.0 = Release|Any CPU
	EndGlobalSection
	GlobalSection(SolutionProperties) = preSolution
		HideSolutionNode = FALSE
	EndGlobalSection
	GlobalSection(ExtensibilityGlobals) = postSolution
		SolutionGuid = {22A6FD31-20BC-49B6-85C6-D07A2B5106E8}
	EndGlobalSection
EndGlobal
