
Microsoft Visual Studio Solution File, Format Version 12.00
# Visual Studio Version 16
VisualStudioVersion = 16.0.31321.278
MinimumVisualStudioVersion = 10.0.40219.1
Project("{FAE04EC0-301F-11D3-BF4B-00C04F79EFBC}") = "Hello.Entitas", "Hello.Entitas\Hello.Entitas.csproj", "{7EBF04BF-8B3F-4C04-B44E-7C2BBBCA8053}"
EndProject
Global
	GlobalSection(SolutionConfigurationPlatforms) = preSolution
		Debug|Any CPU = Debug|Any CPU
		Release|Any CPU = Release|Any CPU
	EndGlobalSection
	GlobalSection(ProjectConfigurationPlatforms) = postSolution
		{7EBF04BF-8B3F-4C04-B44E-7C2BBBCA8053}.Debug|Any CPU.ActiveCfg = Debug|Any CPU
		{7EBF04BF-8B3F-4C04-B44E-7C2BBBCA8053}.Debug|Any CPU.Build.0 = Debug|Any CPU
		{7EBF04BF-8B3F-4C04-B44E-7C2BBBCA8053}.Release|Any CPU.ActiveCfg = Release|Any CPU
		{7EBF04BF-8B3F-4C04-B44E-7C2BBBCA8053}.Release|Any CPU.Build.0 = Release|Any CPU
	EndGlobalSection
	GlobalSection(SolutionProperties) = preSolution
		HideSolutionNode = FALSE
	EndGlobalSection
	GlobalSection(ExtensibilityGlobals) = postSolution
		SolutionGuid = {49C3240B-E557-48B0-A546-6D83607D2F00}
	EndGlobalSection
EndGlobal
