
Microsoft Visual Studio Solution File, Format Version 12.00
# Visual Studio Version 16
VisualStudioVersion = 16.0.29418.71
MinimumVisualStudioVersion = 10.0.40219.1
Project("{FAE04EC0-301F-11D3-BF4B-00C04F79EFBC}") = "Exercise.Rx", "Exercise.Rx\Exercise.Rx.csproj", "{2D84F0C6-D81E-4919-A248-9FC64BF3FD0C}"
EndProject
Project("{FAE04EC0-301F-11D3-BF4B-00C04F79EFBC}") = "Exercise.Rx.DIC", "Exercise.Rx.DIC\Exercise.Rx.DIC.csproj", "{EA0EABE9-65A4-49BF-9159-D477467AE8F5}"
EndProject
Global
	GlobalSection(SolutionConfigurationPlatforms) = preSolution
		Debug|Any CPU = Debug|Any CPU
		Release|Any CPU = Release|Any CPU
	EndGlobalSection
	GlobalSection(ProjectConfigurationPlatforms) = postSolution
		{2D84F0C6-D81E-4919-A248-9FC64BF3FD0C}.Debug|Any CPU.ActiveCfg = Debug|Any CPU
		{2D84F0C6-D81E-4919-A248-9FC64BF3FD0C}.Debug|Any CPU.Build.0 = Debug|Any CPU
		{2D84F0C6-D81E-4919-A248-9FC64BF3FD0C}.Release|Any CPU.ActiveCfg = Release|Any CPU
		{2D84F0C6-D81E-4919-A248-9FC64BF3FD0C}.Release|Any CPU.Build.0 = Release|Any CPU
		{EA0EABE9-65A4-49BF-9159-D477467AE8F5}.Debug|Any CPU.ActiveCfg = Debug|Any CPU
		{EA0EABE9-65A4-49BF-9159-D477467AE8F5}.Debug|Any CPU.Build.0 = Debug|Any CPU
		{EA0EABE9-65A4-49BF-9159-D477467AE8F5}.Release|Any CPU.ActiveCfg = Release|Any CPU
		{EA0EABE9-65A4-49BF-9159-D477467AE8F5}.Release|Any CPU.Build.0 = Release|Any CPU
	EndGlobalSection
	GlobalSection(SolutionProperties) = preSolution
		HideSolutionNode = FALSE
	EndGlobalSection
	GlobalSection(ExtensibilityGlobals) = postSolution
		SolutionGuid = {7EA1C0AA-F72B-40D7-979B-4DBD29F186E7}
	EndGlobalSection
EndGlobal
