
Microsoft Visual Studio Solution File, Format Version 12.00
# Visual Studio 15
VisualStudioVersion = 15.0.27703.2000
MinimumVisualStudioVersion = 10.0.40219.1
Project("{FAE04EC0-301F-11D3-BF4B-00C04F79EFBC}") = "Exercise.Composite", "Exercise.Composite\Exercise.Composite.csproj", "{A695E0A0-1E2D-4855-BD0A-65FBA0F15DE6}"
EndProject
Project("{FAE04EC0-301F-11D3-BF4B-00C04F79EFBC}") = "Exercise.Composite.Test", "Exercise.Composite.Test\Exercise.Composite.Test.csproj", "{577463A5-8834-4C8D-8812-5B41B7174109}"
EndProject
Global
	GlobalSection(SolutionConfigurationPlatforms) = preSolution
		Debug|Any CPU = Debug|Any CPU
		Release|Any CPU = Release|Any CPU
	EndGlobalSection
	GlobalSection(ProjectConfigurationPlatforms) = postSolution
		{A695E0A0-1E2D-4855-BD0A-65FBA0F15DE6}.Debug|Any CPU.ActiveCfg = Debug|Any CPU
		{A695E0A0-1E2D-4855-BD0A-65FBA0F15DE6}.Debug|Any CPU.Build.0 = Debug|Any CPU
		{A695E0A0-1E2D-4855-BD0A-65FBA0F15DE6}.Release|Any CPU.ActiveCfg = Release|Any CPU
		{A695E0A0-1E2D-4855-BD0A-65FBA0F15DE6}.Release|Any CPU.Build.0 = Release|Any CPU
		{577463A5-8834-4C8D-8812-5B41B7174109}.Debug|Any CPU.ActiveCfg = Debug|Any CPU
		{577463A5-8834-4C8D-8812-5B41B7174109}.Debug|Any CPU.Build.0 = Debug|Any CPU
		{577463A5-8834-4C8D-8812-5B41B7174109}.Release|Any CPU.ActiveCfg = Release|Any CPU
		{577463A5-8834-4C8D-8812-5B41B7174109}.Release|Any CPU.Build.0 = Release|Any CPU
	EndGlobalSection
	GlobalSection(SolutionProperties) = preSolution
		HideSolutionNode = FALSE
	EndGlobalSection
	GlobalSection(ExtensibilityGlobals) = postSolution
		SolutionGuid = {F2219A80-5B69-4E58-A164-88F734E32F0F}
	EndGlobalSection
EndGlobal
