
Microsoft Visual Studio Solution File, Format Version 12.00
Project("{FAE04EC0-301F-11D3-BF4B-00C04F79EFBC}") = "HalloConfig", "HalloConfig\HalloConfig.csproj", "{F4551BD1-7D6D-4521-8176-745A0F8E5547}"
EndProject
Global
	GlobalSection(SolutionConfigurationPlatforms) = preSolution
		Debug|Any CPU = Debug|Any CPU
		Release|Any CPU = Release|Any CPU
	EndGlobalSection
	GlobalSection(ProjectConfigurationPlatforms) = postSolution
		{F4551BD1-7D6D-4521-8176-745A0F8E5547}.Debug|Any CPU.ActiveCfg = Debug|Any CPU
		{F4551BD1-7D6D-4521-8176-745A0F8E5547}.Debug|Any CPU.Build.0 = Debug|Any CPU
		{F4551BD1-7D6D-4521-8176-745A0F8E5547}.Release|Any CPU.ActiveCfg = Release|Any CPU
		{F4551BD1-7D6D-4521-8176-745A0F8E5547}.Release|Any CPU.Build.0 = Release|Any CPU
	EndGlobalSection
EndGlobal
