
Microsoft Visual Studio Solution File, Format Version 12.00
# Visual Studio Version 16
VisualStudioVersion = 16.0.29418.71
MinimumVisualStudioVersion = 10.0.40219.1
Project("{9A19103F-16F7-4668-BE54-9A1E7A4F7556}") = "Exercise.Blazor", "Exercise.Blazor\Exercise.Blazor.csproj", "{C8DF9C7F-0C79-4445-82EF-B395D849F7B3}"
EndProject
Global
	GlobalSection(SolutionConfigurationPlatforms) = preSolution
		Debug|Any CPU = Debug|Any CPU
		Release|Any CPU = Release|Any CPU
	EndGlobalSection
	GlobalSection(ProjectConfigurationPlatforms) = postSolution
		{C8DF9C7F-0C79-4445-82EF-B395D849F7B3}.Debug|Any CPU.ActiveCfg = Debug|Any CPU
		{C8DF9C7F-0C79-4445-82EF-B395D849F7B3}.Debug|Any CPU.Build.0 = Debug|Any CPU
		{C8DF9C7F-0C79-4445-82EF-B395D849F7B3}.Release|Any CPU.ActiveCfg = Release|Any CPU
		{C8DF9C7F-0C79-4445-82EF-B395D849F7B3}.Release|Any CPU.Build.0 = Release|Any CPU
	EndGlobalSection
	GlobalSection(SolutionProperties) = preSolution
		HideSolutionNode = FALSE
	EndGlobalSection
	GlobalSection(ExtensibilityGlobals) = postSolution
		SolutionGuid = {6CB28447-590C-4302-8848-DE94B421C2F0}
	EndGlobalSection
EndGlobal
